{
  "name": "parse-ion",
  "version": "1.0.0",
  "lockfileVersion": 2,
  "requires": true,
  "packages": {
    "": {
      "name": "parse-ion",
      "version": "1.0.0",
      "license": "UNLICENSED",
      "dependencies": {
        "ion-js": "^4.3.0",
        "jsbi": "^3.2.5"
      }
    },
    "node_modules/ion-js": {
      "version": "4.3.0",
      "resolved": "https://registry.npmjs.org/ion-js/-/ion-js-4.3.0.tgz",
      "integrity": "sha512-8yhU1yx6Uia109cMbiDQDQS0InGJj8BaXckjyaN+5vCzL0e8qEXzLVRy579TmNThBDq8IfUJfqe0565Syh+0JA==",
      "peerDependencies": {
        "jsbi": "^3.1.1"
      }
    },
    "node_modules/jsbi": {
      "version": "3.2.5",
      "resolved": "https://registry.npmjs.org/jsbi/-/jsbi-3.2.5.tgz",
      "integrity": "sha512-aBE4n43IPvjaddScbvWRA2YlTzKEynHzu7MqOyTipdHucf/VxS63ViCjxYRg86M8Rxwbt/GfzHl1kKERkt45fQ=="
    }
  },
  "dependencies": {
    "ion-js": {
      "version": "4.3.0",
      "resolved": "https://registry.npmjs.org/ion-js/-/ion-js-4.3.0.tgz",
      "integrity": "sha512-8yhU1yx6Uia109cMbiDQDQS0InGJj8BaXckjyaN+5vCzL0e8qEXzLVRy579TmNThBDq8IfUJfqe0565Syh+0JA==",
      "requires": {}
    },
    "jsbi": {
      "version": "3.2.5",
      "resolved": "https://registry.npmjs.org/jsbi/-/jsbi-3.2.5.tgz",
      "integrity": "sha512-aBE4n43IPvjaddScbvWRA2YlTzKEynHzu7MqOyTipdHucf/VxS63ViCjxYRg86M8Rxwbt/GfzHl1kKERkt45fQ=="
    }
  }
}
